
Microsoft Visual Studio Solution File, Format Version 12.00
# Visual Studio Version 16
VisualStudioVersion = 16.0.29519.87
MinimumVisualStudioVersion = 15.0.26124.0
Project("{9A19103F-16F7-4668-BE54-9A1E7A4F7556}") = "Authentication.Hash", "src\Authentication.Hash\Authentication.Hash.csproj", "{0A8C8899-5D35-4056-819D-55A75DADBBEF}"
EndProject
Project("{FAE04EC0-301F-11D3-BF4B-00C04F79EFBC}") = "Authentication.Hash.SampleApi", "sample\Authentication.Hash.SampleApi\Authentication.Hash.SampleApi.csproj", "{470D4047-CE3C-47D3-A624-F6DF53BAA6CE}"
EndProject
Global
	GlobalSection(SolutionConfigurationPlatforms) = preSolution
		Debug|Any CPU = Debug|Any CPU
		Debug|x64 = Debug|x64
		Debug|x86 = Debug|x86
		Release|Any CPU = Release|Any CPU
		Release|x64 = Release|x64
		Release|x86 = Release|x86
	EndGlobalSection
	GlobalSection(ProjectConfigurationPlatforms) = postSolution
		{0A8C8899-5D35-4056-819D-55A75DADBBEF}.Debug|Any CPU.ActiveCfg = Debug|Any CPU
		{0A8C8899-5D35-4056-819D-55A75DADBBEF}.Debug|Any CPU.Build.0 = Debug|Any CPU
		{0A8C8899-5D35-4056-819D-55A75DADBBEF}.Debug|x64.ActiveCfg = Debug|Any CPU
		{0A8C8899-5D35-4056-819D-55A75DADBBEF}.Debug|x64.Build.0 = Debug|Any CPU
		{0A8C8899-5D35-4056-819D-55A75DADBBEF}.Debug|x86.ActiveCfg = Debug|Any CPU
		{0A8C8899-5D35-4056-819D-55A75DADBBEF}.Debug|x86.Build.0 = Debug|Any CPU
		{0A8C8899-5D35-4056-819D-55A75DADBBEF}.Release|Any CPU.ActiveCfg = Release|Any CPU
		{0A8C8899-5D35-4056-819D-55A75DADBBEF}.Release|Any CPU.Build.0 = Release|Any CPU
		{0A8C8899-5D35-4056-819D-55A75DADBBEF}.Release|x64.ActiveCfg = Release|Any CPU
		{0A8C8899-5D35-4056-819D-55A75DADBBEF}.Release|x64.Build.0 = Release|Any CPU
		{0A8C8899-5D35-4056-819D-55A75DADBBEF}.Release|x86.ActiveCfg = Release|Any CPU
		{0A8C8899-5D35-4056-819D-55A75DADBBEF}.Release|x86.Build.0 = Release|Any CPU
		{470D4047-CE3C-47D3-A624-F6DF53BAA6CE}.Debug|Any CPU.ActiveCfg = Debug|Any CPU
		{470D4047-CE3C-47D3-A624-F6DF53BAA6CE}.Debug|Any CPU.Build.0 = Debug|Any CPU
		{470D4047-CE3C-47D3-A624-F6DF53BAA6CE}.Debug|x64.ActiveCfg = Debug|Any CPU
		{470D4047-CE3C-47D3-A624-F6DF53BAA6CE}.Debug|x64.Build.0 = Debug|Any CPU
		{470D4047-CE3C-47D3-A624-F6DF53BAA6CE}.Debug|x86.ActiveCfg = Debug|Any CPU
		{470D4047-CE3C-47D3-A624-F6DF53BAA6CE}.Debug|x86.Build.0 = Debug|Any CPU
		{470D4047-CE3C-47D3-A624-F6DF53BAA6CE}.Release|Any CPU.ActiveCfg = Release|Any CPU
		{470D4047-CE3C-47D3-A624-F6DF53BAA6CE}.Release|Any CPU.Build.0 = Release|Any CPU
		{470D4047-CE3C-47D3-A624-F6DF53BAA6CE}.Release|x64.ActiveCfg = Release|Any CPU
		{470D4047-CE3C-47D3-A624-F6DF53BAA6CE}.Release|x64.Build.0 = Release|Any CPU
		{470D4047-CE3C-47D3-A624-F6DF53BAA6CE}.Release|x86.ActiveCfg = Release|Any CPU
		{470D4047-CE3C-47D3-A624-F6DF53BAA6CE}.Release|x86.Build.0 = Release|Any CPU
	EndGlobalSection
	GlobalSection(SolutionProperties) = preSolution
		HideSolutionNode = FALSE
	EndGlobalSection
	GlobalSection(ExtensibilityGlobals) = postSolution
		SolutionGuid = {BC2B6528-967B-468F-8326-25810D6A45B3}
	EndGlobalSection
EndGlobal
